
Microsoft Visual Studio Solution File, Format Version 12.00
# Visual Studio Version 16
VisualStudioVersion = 16.0.31515.178
MinimumVisualStudioVersion = 10.0.40219.1
Project("{FAE04EC0-301F-11D3-BF4B-00C04F79EFBC}") = "Thirdpartycallpluginconfig", "Thirdpartycallpluginconfig.csproj", "{F7056600-0BD1-47AB-954B-8E5C217F8B66}"
EndProject
Global
	GlobalSection(SolutionConfigurationPlatforms) = preSolution
		Debug|Any CPU = Debug|Any CPU
		Release|Any CPU = Release|Any CPU
	EndGlobalSection
	GlobalSection(ProjectConfigurationPlatforms) = postSolution
		{F7056600-0BD1-47AB-954B-8E5C217F8B66}.Debug|Any CPU.ActiveCfg = Debug|Any CPU
		{F7056600-0BD1-47AB-954B-8E5C217F8B66}.Debug|Any CPU.Build.0 = Debug|Any CPU
		{F7056600-0BD1-47AB-954B-8E5C217F8B66}.Release|Any CPU.ActiveCfg = Release|Any CPU
		{F7056600-0BD1-47AB-954B-8E5C217F8B66}.Release|Any CPU.Build.0 = Release|Any CPU
	EndGlobalSection
	GlobalSection(SolutionProperties) = preSolution
		HideSolutionNode = FALSE
	EndGlobalSection
	GlobalSection(ExtensibilityGlobals) = postSolution
		SolutionGuid = {47AC4EC9-3D0F-442F-AD52-B871F06F60EF}
	EndGlobalSection
EndGlobal
